
Microsoft Visual Studio Solution File, Format Version 12.00
# Visual Studio Version 16
VisualStudioVersion = 16.0.30804.86
MinimumVisualStudioVersion = 10.0.40219.1
Project("{9A19103F-16F7-4668-BE54-9A1E7A4F7556}") = "KnowledgeLibraryApi", "KnowledgeLibraryApi.csproj", "{B1CD6361-E52B-4DDA-9225-13C5012F2575}"
EndProject
Project("{FAE04EC0-301F-11D3-BF4B-00C04F79EFBC}") = "KnowledgeLibraryService", "..\KnowledgeLibraryService\KnowledgeLibraryService.csproj", "{767EFD1D-F5BC-421E-897F-B82F1D98368A}"
EndProject
Project("{FAE04EC0-301F-11D3-BF4B-00C04F79EFBC}") = "KnowledgeLibraryCore", "..\KnowledgeLibaryCore\KnowledgeLibraryCore.csproj", "{7AADE9A8-F4C3-43FA-B2B1-A6901B6781F2}"
EndProject
Project("{FAE04EC0-301F-11D3-BF4B-00C04F79EFBC}") = "KnowledgeLibraryRepository", "..\KnowledgeLibraryRepository\KnowledgeLibraryRepository.csproj", "{04C24CF2-5073-4AB8-806E-56F91F91EE04}"
EndProject
Global
	GlobalSection(SolutionConfigurationPlatforms) = preSolution
		Debug|Any CPU = Debug|Any CPU
		Release|Any CPU = Release|Any CPU
	EndGlobalSection
	GlobalSection(ProjectConfigurationPlatforms) = postSolution
		{B1CD6361-E52B-4DDA-9225-13C5012F2575}.Debug|Any CPU.ActiveCfg = Debug|Any CPU
		{B1CD6361-E52B-4DDA-9225-13C5012F2575}.Debug|Any CPU.Build.0 = Debug|Any CPU
		{B1CD6361-E52B-4DDA-9225-13C5012F2575}.Release|Any CPU.ActiveCfg = Release|Any CPU
		{B1CD6361-E52B-4DDA-9225-13C5012F2575}.Release|Any CPU.Build.0 = Release|Any CPU
		{767EFD1D-F5BC-421E-897F-B82F1D98368A}.Debug|Any CPU.ActiveCfg = Debug|Any CPU
		{767EFD1D-F5BC-421E-897F-B82F1D98368A}.Debug|Any CPU.Build.0 = Debug|Any CPU
		{767EFD1D-F5BC-421E-897F-B82F1D98368A}.Release|Any CPU.ActiveCfg = Release|Any CPU
		{767EFD1D-F5BC-421E-897F-B82F1D98368A}.Release|Any CPU.Build.0 = Release|Any CPU
		{7AADE9A8-F4C3-43FA-B2B1-A6901B6781F2}.Debug|Any CPU.ActiveCfg = Debug|Any CPU
		{7AADE9A8-F4C3-43FA-B2B1-A6901B6781F2}.Debug|Any CPU.Build.0 = Debug|Any CPU
		{7AADE9A8-F4C3-43FA-B2B1-A6901B6781F2}.Release|Any CPU.ActiveCfg = Release|Any CPU
		{7AADE9A8-F4C3-43FA-B2B1-A6901B6781F2}.Release|Any CPU.Build.0 = Release|Any CPU
		{04C24CF2-5073-4AB8-806E-56F91F91EE04}.Debug|Any CPU.ActiveCfg = Debug|Any CPU
		{04C24CF2-5073-4AB8-806E-56F91F91EE04}.Debug|Any CPU.Build.0 = Debug|Any CPU
		{04C24CF2-5073-4AB8-806E-56F91F91EE04}.Release|Any CPU.ActiveCfg = Release|Any CPU
		{04C24CF2-5073-4AB8-806E-56F91F91EE04}.Release|Any CPU.Build.0 = Release|Any CPU
	EndGlobalSection
	GlobalSection(SolutionProperties) = preSolution
		HideSolutionNode = FALSE
	EndGlobalSection
	GlobalSection(ExtensibilityGlobals) = postSolution
		SolutionGuid = {FD022F58-CEF5-4FDC-9541-9BAEEBB261BC}
	EndGlobalSection
EndGlobal
